
Microsoft Visual Studio Solution File, Format Version 12.00
# Visual Studio Version 17
VisualStudioVersion = 17.13.35818.85
MinimumVisualStudioVersion = 10.0.40219.1
Project("{FAE04EC0-301F-11D3-BF4B-00C04F79EFBC}") = "Ensek.Repository", "Ensek.Repository\Ensek.Repository.csproj", "{214721BC-F216-6806-3046-70B4C6E5BA22}"
EndProject
Project("{FAE04EC0-301F-11D3-BF4B-00C04F79EFBC}") = "Ensek.Services", "Ensek.Services\Ensek.Services.csproj", "{4C6E4E9B-BB35-450F-B29B-C6830875A09E}"
EndProject
Project("{FAE04EC0-301F-11D3-BF4B-00C04F79EFBC}") = "Ensek.Api", "Ensek.Api\Ensek.Api.csproj", "{5099AA54-26E6-472D-A005-D4B823D95500}"
EndProject
Global
	GlobalSection(SolutionConfigurationPlatforms) = preSolution
		Debug|Any CPU = Debug|Any CPU
		Release|Any CPU = Release|Any CPU
	EndGlobalSection
	GlobalSection(ProjectConfigurationPlatforms) = postSolution
		{214721BC-F216-6806-3046-70B4C6E5BA22}.Debug|Any CPU.ActiveCfg = Debug|Any CPU
		{214721BC-F216-6806-3046-70B4C6E5BA22}.Debug|Any CPU.Build.0 = Debug|Any CPU
		{214721BC-F216-6806-3046-70B4C6E5BA22}.Release|Any CPU.ActiveCfg = Release|Any CPU
		{214721BC-F216-6806-3046-70B4C6E5BA22}.Release|Any CPU.Build.0 = Release|Any CPU
		{4C6E4E9B-BB35-450F-B29B-C6830875A09E}.Debug|Any CPU.ActiveCfg = Debug|Any CPU
		{4C6E4E9B-BB35-450F-B29B-C6830875A09E}.Debug|Any CPU.Build.0 = Debug|Any CPU
		{4C6E4E9B-BB35-450F-B29B-C6830875A09E}.Release|Any CPU.ActiveCfg = Release|Any CPU
		{4C6E4E9B-BB35-450F-B29B-C6830875A09E}.Release|Any CPU.Build.0 = Release|Any CPU
		{5099AA54-26E6-472D-A005-D4B823D95500}.Debug|Any CPU.ActiveCfg = Debug|Any CPU
		{5099AA54-26E6-472D-A005-D4B823D95500}.Debug|Any CPU.Build.0 = Debug|Any CPU
		{5099AA54-26E6-472D-A005-D4B823D95500}.Release|Any CPU.ActiveCfg = Release|Any CPU
		{5099AA54-26E6-472D-A005-D4B823D95500}.Release|Any CPU.Build.0 = Release|Any CPU
	EndGlobalSection
	GlobalSection(SolutionProperties) = preSolution
		HideSolutionNode = FALSE
	EndGlobalSection
	GlobalSection(ExtensibilityGlobals) = postSolution
		SolutionGuid = {F4B0D0A0-9250-4E54-A266-C7CF84A0C9E5}
	EndGlobalSection
EndGlobal
